
Microsoft Visual Studio Solution File, Format Version 12.00
# Visual Studio Version 17
VisualStudioVersion = 17.7.34009.444
MinimumVisualStudioVersion = 10.0.40219.1
Project("{FAE04EC0-301F-11D3-BF4B-00C04F79EFBC}") = "DatumBekero", "DatumBekero.csproj", "{7C5D09FC-9F2D-4808-825A-9EB3D8966438}"
EndProject
Global
	GlobalSection(SolutionConfigurationPlatforms) = preSolution
		Debug|Any CPU = Debug|Any CPU
		Release|Any CPU = Release|Any CPU
	EndGlobalSection
	GlobalSection(ProjectConfigurationPlatforms) = postSolution
		{7C5D09FC-9F2D-4808-825A-9EB3D8966438}.Debug|Any CPU.ActiveCfg = Debug|Any CPU
		{7C5D09FC-9F2D-4808-825A-9EB3D8966438}.Debug|Any CPU.Build.0 = Debug|Any CPU
		{7C5D09FC-9F2D-4808-825A-9EB3D8966438}.Release|Any CPU.ActiveCfg = Release|Any CPU
		{7C5D09FC-9F2D-4808-825A-9EB3D8966438}.Release|Any CPU.Build.0 = Release|Any CPU
	EndGlobalSection
	GlobalSection(SolutionProperties) = preSolution
		HideSolutionNode = FALSE
	EndGlobalSection
	GlobalSection(ExtensibilityGlobals) = postSolution
		SolutionGuid = {138E4DE5-3B7A-4E44-987F-E1EFE9635B20}
	EndGlobalSection
EndGlobal
